
Microsoft Visual Studio Solution File, Format Version 12.00
# Visual Studio Version 17
VisualStudioVersion = 17.4.33213.308
MinimumVisualStudioVersion = 10.0.40219.1
Project("{FAE04EC0-301F-11D3-BF4B-00C04F79EFBC}") = "MathQuizТопчубаеваАпал", "..\..\source\repos\MathQuizТопчубаеваАпал\MathQuizТопчубаеваАпал\MathQuizТопчубаеваАпал.csproj", "{855991F5-EECC-4B7B-A136-B86D2C6DD9A3}"
EndProject
Global
	GlobalSection(SolutionConfigurationPlatforms) = preSolution
		Debug|Any CPU = Debug|Any CPU
		Release|Any CPU = Release|Any CPU
	EndGlobalSection
	GlobalSection(ProjectConfigurationPlatforms) = postSolution
		{855991F5-EECC-4B7B-A136-B86D2C6DD9A3}.Debug|Any CPU.ActiveCfg = Debug|Any CPU
		{855991F5-EECC-4B7B-A136-B86D2C6DD9A3}.Debug|Any CPU.Build.0 = Debug|Any CPU
		{855991F5-EECC-4B7B-A136-B86D2C6DD9A3}.Release|Any CPU.ActiveCfg = Release|Any CPU
		{855991F5-EECC-4B7B-A136-B86D2C6DD9A3}.Release|Any CPU.Build.0 = Release|Any CPU
	EndGlobalSection
	GlobalSection(SolutionProperties) = preSolution
		HideSolutionNode = FALSE
	EndGlobalSection
	GlobalSection(ExtensibilityGlobals) = postSolution
		SolutionGuid = {7AE69C52-484E-4FE9-A701-FC0D9DE3F28F}
	EndGlobalSection
EndGlobal
